
Microsoft Visual Studio Solution File, Format Version 12.00
# Visual Studio Version 17
VisualStudioVersion = 17.4.33213.308
MinimumVisualStudioVersion = 10.0.40219.1
Project("{FAE04EC0-301F-11D3-BF4B-00C04F79EFBC}") = "TestAutomationSauceDemo", "TestAutomationSauceDemo\TestAutomationSauceDemo.csproj", "{691E77A6-CED8-4DD9-A821-5690BDAD5F41}"
EndProject
Global
	GlobalSection(SolutionConfigurationPlatforms) = preSolution
		Debug|Any CPU = Debug|Any CPU
		Release|Any CPU = Release|Any CPU
	EndGlobalSection
	GlobalSection(ProjectConfigurationPlatforms) = postSolution
		{691E77A6-CED8-4DD9-A821-5690BDAD5F41}.Debug|Any CPU.ActiveCfg = Debug|Any CPU
		{691E77A6-CED8-4DD9-A821-5690BDAD5F41}.Debug|Any CPU.Build.0 = Debug|Any CPU
		{691E77A6-CED8-4DD9-A821-5690BDAD5F41}.Release|Any CPU.ActiveCfg = Release|Any CPU
		{691E77A6-CED8-4DD9-A821-5690BDAD5F41}.Release|Any CPU.Build.0 = Release|Any CPU
	EndGlobalSection
	GlobalSection(SolutionProperties) = preSolution
		HideSolutionNode = FALSE
	EndGlobalSection
	GlobalSection(ExtensibilityGlobals) = postSolution
		SolutionGuid = {2BD22AF9-FE98-49F6-A7FA-D0E8FD635F39}
	EndGlobalSection
EndGlobal
